
Microsoft Visual Studio Solution File, Format Version 12.00
# Visual Studio Version 17
VisualStudioVersion = 17.5.33627.172
MinimumVisualStudioVersion = 10.0.40219.1
Project("{FAE04EC0-301F-11D3-BF4B-00C04F79EFBC}") = "HRM.API", "HRM.API\HRM.API.csproj", "{BCFE4C36-22E5-4E78-8DE6-9F0A04796F16}"
EndProject
Global
	GlobalSection(SolutionConfigurationPlatforms) = preSolution
		Debug|Any CPU = Debug|Any CPU
		Release|Any CPU = Release|Any CPU
	EndGlobalSection
	GlobalSection(ProjectConfigurationPlatforms) = postSolution
		{BCFE4C36-22E5-4E78-8DE6-9F0A04796F16}.Debug|Any CPU.ActiveCfg = Debug|Any CPU
		{BCFE4C36-22E5-4E78-8DE6-9F0A04796F16}.Debug|Any CPU.Build.0 = Debug|Any CPU
		{BCFE4C36-22E5-4E78-8DE6-9F0A04796F16}.Release|Any CPU.ActiveCfg = Release|Any CPU
		{BCFE4C36-22E5-4E78-8DE6-9F0A04796F16}.Release|Any CPU.Build.0 = Release|Any CPU
	EndGlobalSection
	GlobalSection(SolutionProperties) = preSolution
		HideSolutionNode = FALSE
	EndGlobalSection
	GlobalSection(ExtensibilityGlobals) = postSolution
		SolutionGuid = {DC5336AE-9040-40FA-B1D0-C6ECEAFAA849}
	EndGlobalSection
EndGlobal
